PODS:
  - Alamofire (4.8.2)
  - Differentiator (4.0.1)
  - FLEX (2.4.0)
  - HandyJSON (5.0.0)
  - iCarousel (1.8.3)
  - MJRefresh (3.2.0)
  - "NSObject+Rx (5.0.0)":
    - RxSwift (~> 5.0)
  - RxAlamofire (5.0.0):
    - RxAlamofire/Core (= 5.0.0)
  - RxAlamofire/Core (5.0.0):
    - Alamofire (~> 4.8)
    - RxSwift (~> 5.0)
  - RxCocoa (5.0.0):
    - RxRelay (~> 5)
    - RxSwift (~> 5)
  - RxDataSources (4.0.1):
    - Differentiator (~> 4.0)
    - RxCocoa (~> 5.0)
    - RxSwift (~> 5.0)
  - RxRelay (5.0.0):
    - RxSwift (~> 5)
  - RxSwift (5.0.0)
  - SVProgressHUD (2.2.5)
  - Then (2.5.0)
  - ZFPlayer (3.2.12):
    - ZFPlayer/Core (= 3.2.12)
  - ZFPlayer/Core (3.2.12)

DEPENDENCIES:
  - FLEX (~> 2.4.0)
  - HandyJSON
  - iCarousel
  - MJRefresh
  - "NSObject+Rx"
  - RxAlamofire
  - RxCocoa
  - RxDataSources
  - RxSwift
  - SVProgressHUD
  - Then
  - ZFPlayer

SPEC REPOS:
  https://github.com/cocoapods/specs.git:
    - Alamofire
    - Differentiator
    - FLEX
    - HandyJSON
    - iCarousel
    - MJRefresh
    - "NSObject+Rx"
    - RxAlamofire
    - RxCocoa
    - RxDataSources
    - RxRelay
    - RxSwift
    - SVProgressHUD
    - Then
    - ZFPlayer

SPEC CHECKSUMS:
  Alamofire: ae5c501addb7afdbb13687d7f2f722c78734c2d3
  Differentiator: 886080237d9f87f322641dedbc5be257061b0602
  FLEX: bd1a39e55b56bb413b6f1b34b3c10a0dc44ef079
  HandyJSON: 992f2d661716d6a91de82d0056927bc7813b5770
  iCarousel: d782f635afac190c49bb8ee455882284cff8b85f
  MJRefresh: ed450d6eb9d3346a2cb033ab7eb6de090aeef437
  "NSObject+Rx": 6151a97d171f7187c4183746acc42d9451952a7b
  RxAlamofire: e7875a012aff55345672d0f70a2a9cd6aeb0f211
  RxCocoa: fcf32050ac00d801f34a7f71d5e8e7f23026dcd8
  RxDataSources: efee07fa4de48477eca0a4611e6d11e2da9c1114
  RxRelay: 4f7409406a51a55cd88483f21ed898c234d60f18
  RxSwift: 8b0671caa829a763bbce7271095859121cbd895f
  SVProgressHUD: 1428aafac632c1f86f62aa4243ec12008d7a51d6
  Then: 0157115e883545c77967b452fe74a1d25fb796e1
  ZFPlayer: fdc92702cc611922182a951991dea78566da7605

PODFILE CHECKSUM: cdc1a97696dd079698742d2f3bdc0ab82054965e

COCOAPODS: 1.7.1
